
Microsoft Visual Studio Solution File, Format Version 12.00
# Visual Studio Version 17
VisualStudioVersion = 17.9.34701.34
MinimumVisualStudioVersion = 10.0.40219.1
Project("{FAE04EC0-301F-11D3-BF4B-00C04F79EFBC}") = "ElevatorBackend", "ElevatorBackend\ElevatorBackend.csproj", "{0D3E8B57-AF2F-4627-9735-BB006B351223}"
EndProject
Global
	GlobalSection(SolutionConfigurationPlatforms) = preSolution
		Debug|Any CPU = Debug|Any CPU
		Release|Any CPU = Release|Any CPU
	EndGlobalSection
	GlobalSection(ProjectConfigurationPlatforms) = postSolution
		{0D3E8B57-AF2F-4627-9735-BB006B351223}.Debug|Any CPU.ActiveCfg = Debug|Any CPU
		{0D3E8B57-AF2F-4627-9735-BB006B351223}.Debug|Any CPU.Build.0 = Debug|Any CPU
		{0D3E8B57-AF2F-4627-9735-BB006B351223}.Release|Any CPU.ActiveCfg = Release|Any CPU
		{0D3E8B57-AF2F-4627-9735-BB006B351223}.Release|Any CPU.Build.0 = Release|Any CPU
	EndGlobalSection
	GlobalSection(SolutionProperties) = preSolution
		HideSolutionNode = FALSE
	EndGlobalSection
	GlobalSection(ExtensibilityGlobals) = postSolution
		SolutionGuid = {AB43391E-87D6-49B1-ADA7-6CE7BC22FD1E}
	EndGlobalSection
EndGlobal
